
Microsoft Visual Studio Solution File, Format Version 12.00
# Visual Studio Version 16
VisualStudioVersion = 16.0.30002.166
MinimumVisualStudioVersion = 10.0.40219.1
Project("{FAE04EC0-301F-11D3-BF4B-00C04F79EFBC}") = "DocChanger", "DocChanger\DocChanger.csproj", "{34437B72-8208-44AD-B35B-4D55B6844FB6}"
EndProject
Global
	GlobalSection(SolutionConfigurationPlatforms) = preSolution
		Debug|Any CPU = Debug|Any CPU
		Release|Any CPU = Release|Any CPU
	EndGlobalSection
	GlobalSection(ProjectConfigurationPlatforms) = postSolution
		{34437B72-8208-44AD-B35B-4D55B6844FB6}.Debug|Any CPU.ActiveCfg = Debug|Any CPU
		{34437B72-8208-44AD-B35B-4D55B6844FB6}.Debug|Any CPU.Build.0 = Debug|Any CPU
		{34437B72-8208-44AD-B35B-4D55B6844FB6}.Release|Any CPU.ActiveCfg = Release|Any CPU
		{34437B72-8208-44AD-B35B-4D55B6844FB6}.Release|Any CPU.Build.0 = Release|Any CPU
	EndGlobalSection
	GlobalSection(SolutionProperties) = preSolution
		HideSolutionNode = FALSE
	EndGlobalSection
	GlobalSection(ExtensibilityGlobals) = postSolution
		SolutionGuid = {AF9EE2D2-FE4A-4FE3-9EDA-5F7AE83EE8AD}
	EndGlobalSection
EndGlobal
